
Microsoft Visual Studio Solution File, Format Version 12.00
# Visual Studio 2012
Project("{FAE04EC0-301F-11D3-BF4B-00C04F79EFBC}") = "AC4BFMPLauncher", "AC4BFMPLauncher.csproj", "{D99FA5F3-2114-44E4-A7D9-4E1CB27EDC75}"
EndProject
Global
	GlobalSection(SolutionConfigurationPlatforms) = preSolution
		Debug|Any CPU = Debug|Any CPU
		Release|Any CPU = Release|Any CPU
	EndGlobalSection
	GlobalSection(ProjectConfigurationPlatforms) = postSolution
		{D99FA5F3-2114-44E4-A7D9-4E1CB27EDC75}.Debug|Any CPU.ActiveCfg = Debug|Any CPU
		{D99FA5F3-2114-44E4-A7D9-4E1CB27EDC75}.Debug|Any CPU.Build.0 = Debug|Any CPU
		{D99FA5F3-2114-44E4-A7D9-4E1CB27EDC75}.Release|Any CPU.ActiveCfg = Release|Any CPU
		{D99FA5F3-2114-44E4-A7D9-4E1CB27EDC75}.Release|Any CPU.Build.0 = Release|Any CPU
	EndGlobalSection
	GlobalSection(SolutionProperties) = preSolution
		HideSolutionNode = FALSE
	EndGlobalSection
EndGlobal
